
Microsoft Visual Studio Solution File, Format Version 12.00
# Visual Studio Version 17
VisualStudioVersion = 17.3.32819.101
MinimumVisualStudioVersion = 10.0.40219.1
Project("{2150E333-8FDC-42A3-9474-1A3956D46DE8}") = "src", "src", "{42133921-0461-415C-A1AE-6FB5C3F42C6E}"
EndProject
Project("{2150E333-8FDC-42A3-9474-1A3956D46DE8}") = "Services", "Services", "{8D0F9ADD-9CE4-4908-B0F0-EC319C1CE511}"
EndProject
Project("{2150E333-8FDC-42A3-9474-1A3956D46DE8}") = "ContactService", "ContactService", "{EADD9888-C335-417D-A69F-E0411DFD0366}"
EndProject
Project("{9A19103F-16F7-4668-BE54-9A1E7A4F7556}") = "Contact.API", "src\Services\ContactService\Contact.API\Contact.API.csproj", "{6A4511F1-0B47-4F28-8F76-A2BD28090F6F}"
EndProject
Project("{9A19103F-16F7-4668-BE54-9A1E7A4F7556}") = "Contact.Application", "src\Services\ContactService\Contact.Application\Contact.Application.csproj", "{37A691E8-2D7E-4A64-AE28-E1D6E5527611}"
EndProject
Project("{9A19103F-16F7-4668-BE54-9A1E7A4F7556}") = "Contact.Domain", "src\Services\ContactService\Contact.Domain\Contact.Domain.csproj", "{B0EC4642-067E-42AD-97DC-BEB81DBE29B8}"
EndProject
Project("{9A19103F-16F7-4668-BE54-9A1E7A4F7556}") = "Contact.Domain.Core", "src\Services\ContactService\Contact.Domain.Core\Contact.Domain.Core.csproj", "{C409E608-DF08-48E2-93C0-DC62D437332F}"
EndProject
Project("{9A19103F-16F7-4668-BE54-9A1E7A4F7556}") = "Contact.Infrastructure", "src\Services\ContactService\Contact.Infrastructure\Contact.Infrastructure.csproj", "{FC3A1972-EF99-41E2-983A-2FA077DD3813}"
EndProject
Project("{2150E333-8FDC-42A3-9474-1A3956D46DE8}") = "ReportService", "ReportService", "{45CE0E5D-FC3F-4F03-955C-958039B4E747}"
EndProject
Project("{9A19103F-16F7-4668-BE54-9A1E7A4F7556}") = "Report.API", "src\Services\ReportService\Report.API\Report.API.csproj", "{06238751-EB50-40B2-AD99-74EFDEE38505}"
EndProject
Project("{9A19103F-16F7-4668-BE54-9A1E7A4F7556}") = "Report.Infrastructure", "src\Services\ReportService\Report.Infrastructure\Report.Infrastructure.csproj", "{05AA01A4-5F76-4CDE-84CC-C56A7B97146C}"
EndProject
Project("{9A19103F-16F7-4668-BE54-9A1E7A4F7556}") = "Report.Domain.Core", "src\Services\ReportService\Report.Domain.Core\Report.Domain.Core.csproj", "{CFD4DFB9-5489-430F-A22A-D7CB6A814AE2}"
EndProject
Project("{9A19103F-16F7-4668-BE54-9A1E7A4F7556}") = "Report.Domain", "src\Services\ReportService\Report.Domain\Report.Domain.csproj", "{247AD0F9-B5CB-4BFD-BDAB-96EE45886091}"
EndProject
Project("{9A19103F-16F7-4668-BE54-9A1E7A4F7556}") = "Report.Shared", "src\Services\ReportService\Report.Shared\Report.Shared.csproj", "{7585665A-98C2-44BC-AE9C-B8E9F6656549}"
EndProject
Project("{9A19103F-16F7-4668-BE54-9A1E7A4F7556}") = "Report.Application", "src\Services\ReportService\Report.Application\Report.Application.csproj", "{5C68B001-18B1-4022-9BF5-688D9C67F409}"
EndProject
Project("{2150E333-8FDC-42A3-9474-1A3956D46DE8}") = "BackgroundService", "BackgroundService", "{EFA1AE2F-7B83-4ABA-B511-A8F555FD10ED}"
EndProject
Project("{9A19103F-16F7-4668-BE54-9A1E7A4F7556}") = "reportBgService", "src\Services\ReportService\BackgroundService\reportBgService\reportBgService.csproj", "{D8ECFB86-0725-43C7-8E86-7A6E10688E3D}"
EndProject
Project("{9A19103F-16F7-4668-BE54-9A1E7A4F7556}") = "Contact.Shared", "src\Services\ContactService\Contact.Shared\Contact.Shared.csproj", "{D34FFA53-0409-408B-83E0-70BFB36D20E5}"
EndProject
Project("{2150E333-8FDC-42A3-9474-1A3956D46DE8}") = "test", "test", "{BD4A4598-6F77-4ABD-ABD6-CFEE3A1ABD26}"
EndProject
Project("{FAE04EC0-301F-11D3-BF4B-00C04F79EFBC}") = "ContactService.Application.UnitTests", "test\ContactService.Application.UnitTests\ContactService.Application.UnitTests.csproj", "{73C7EF8A-0C36-41A0-9943-C9EEB4327DA7}"
EndProject
Global
	GlobalSection(SolutionConfigurationPlatforms) = preSolution
		Debug|Any CPU = Debug|Any CPU
		Release|Any CPU = Release|Any CPU
	EndGlobalSection
	GlobalSection(ProjectConfigurationPlatforms) = postSolution
		{6A4511F1-0B47-4F28-8F76-A2BD28090F6F}.Debug|Any CPU.ActiveCfg = Debug|Any CPU
		{6A4511F1-0B47-4F28-8F76-A2BD28090F6F}.Debug|Any CPU.Build.0 = Debug|Any CPU
		{6A4511F1-0B47-4F28-8F76-A2BD28090F6F}.Release|Any CPU.ActiveCfg = Release|Any CPU
		{6A4511F1-0B47-4F28-8F76-A2BD28090F6F}.Release|Any CPU.Build.0 = Release|Any CPU
		{37A691E8-2D7E-4A64-AE28-E1D6E5527611}.Debug|Any CPU.ActiveCfg = Debug|Any CPU
		{37A691E8-2D7E-4A64-AE28-E1D6E5527611}.Debug|Any CPU.Build.0 = Debug|Any CPU
		{37A691E8-2D7E-4A64-AE28-E1D6E5527611}.Release|Any CPU.ActiveCfg = Release|Any CPU
		{37A691E8-2D7E-4A64-AE28-E1D6E5527611}.Release|Any CPU.Build.0 = Release|Any CPU
		{B0EC4642-067E-42AD-97DC-BEB81DBE29B8}.Debug|Any CPU.ActiveCfg = Debug|Any CPU
		{B0EC4642-067E-42AD-97DC-BEB81DBE29B8}.Debug|Any CPU.Build.0 = Debug|Any CPU
		{B0EC4642-067E-42AD-97DC-BEB81DBE29B8}.Release|Any CPU.ActiveCfg = Release|Any CPU
		{B0EC4642-067E-42AD-97DC-BEB81DBE29B8}.Release|Any CPU.Build.0 = Release|Any CPU
		{C409E608-DF08-48E2-93C0-DC62D437332F}.Debug|Any CPU.ActiveCfg = Debug|Any CPU
		{C409E608-DF08-48E2-93C0-DC62D437332F}.Debug|Any CPU.Build.0 = Debug|Any CPU
		{C409E608-DF08-48E2-93C0-DC62D437332F}.Release|Any CPU.ActiveCfg = Release|Any CPU
		{C409E608-DF08-48E2-93C0-DC62D437332F}.Release|Any CPU.Build.0 = Release|Any CPU
		{FC3A1972-EF99-41E2-983A-2FA077DD3813}.Debug|Any CPU.ActiveCfg = Debug|Any CPU
		{FC3A1972-EF99-41E2-983A-2FA077DD3813}.Debug|Any CPU.Build.0 = Debug|Any CPU
		{FC3A1972-EF99-41E2-983A-2FA077DD3813}.Release|Any CPU.ActiveCfg = Release|Any CPU
		{FC3A1972-EF99-41E2-983A-2FA077DD3813}.Release|Any CPU.Build.0 = Release|Any CPU
		{06238751-EB50-40B2-AD99-74EFDEE38505}.Debug|Any CPU.ActiveCfg = Debug|Any CPU
		{06238751-EB50-40B2-AD99-74EFDEE38505}.Debug|Any CPU.Build.0 = Debug|Any CPU
		{06238751-EB50-40B2-AD99-74EFDEE38505}.Release|Any CPU.ActiveCfg = Release|Any CPU
		{06238751-EB50-40B2-AD99-74EFDEE38505}.Release|Any CPU.Build.0 = Release|Any CPU
		{05AA01A4-5F76-4CDE-84CC-C56A7B97146C}.Debug|Any CPU.ActiveCfg = Debug|Any CPU
		{05AA01A4-5F76-4CDE-84CC-C56A7B97146C}.Debug|Any CPU.Build.0 = Debug|Any CPU
		{05AA01A4-5F76-4CDE-84CC-C56A7B97146C}.Release|Any CPU.ActiveCfg = Release|Any CPU
		{05AA01A4-5F76-4CDE-84CC-C56A7B97146C}.Release|Any CPU.Build.0 = Release|Any CPU
		{CFD4DFB9-5489-430F-A22A-D7CB6A814AE2}.Debug|Any CPU.ActiveCfg = Debug|Any CPU
		{CFD4DFB9-5489-430F-A22A-D7CB6A814AE2}.Debug|Any CPU.Build.0 = Debug|Any CPU
		{CFD4DFB9-5489-430F-A22A-D7CB6A814AE2}.Release|Any CPU.ActiveCfg = Release|Any CPU
		{CFD4DFB9-5489-430F-A22A-D7CB6A814AE2}.Release|Any CPU.Build.0 = Release|Any CPU
		{247AD0F9-B5CB-4BFD-BDAB-96EE45886091}.Debug|Any CPU.ActiveCfg = Debug|Any CPU
		{247AD0F9-B5CB-4BFD-BDAB-96EE45886091}.Debug|Any CPU.Build.0 = Debug|Any CPU
		{247AD0F9-B5CB-4BFD-BDAB-96EE45886091}.Release|Any CPU.ActiveCfg = Release|Any CPU
		{247AD0F9-B5CB-4BFD-BDAB-96EE45886091}.Release|Any CPU.Build.0 = Release|Any CPU
		{7585665A-98C2-44BC-AE9C-B8E9F6656549}.Debug|Any CPU.ActiveCfg = Debug|Any CPU
		{7585665A-98C2-44BC-AE9C-B8E9F6656549}.Debug|Any CPU.Build.0 = Debug|Any CPU
		{7585665A-98C2-44BC-AE9C-B8E9F6656549}.Release|Any CPU.ActiveCfg = Release|Any CPU
		{7585665A-98C2-44BC-AE9C-B8E9F6656549}.Release|Any CPU.Build.0 = Release|Any CPU
		{5C68B001-18B1-4022-9BF5-688D9C67F409}.Debug|Any CPU.ActiveCfg = Debug|Any CPU
		{5C68B001-18B1-4022-9BF5-688D9C67F409}.Debug|Any CPU.Build.0 = Debug|Any CPU
		{5C68B001-18B1-4022-9BF5-688D9C67F409}.Release|Any CPU.ActiveCfg = Release|Any CPU
		{5C68B001-18B1-4022-9BF5-688D9C67F409}.Release|Any CPU.Build.0 = Release|Any CPU
		{D8ECFB86-0725-43C7-8E86-7A6E10688E3D}.Debug|Any CPU.ActiveCfg = Debug|Any CPU
		{D8ECFB86-0725-43C7-8E86-7A6E10688E3D}.Debug|Any CPU.Build.0 = Debug|Any CPU
		{D8ECFB86-0725-43C7-8E86-7A6E10688E3D}.Release|Any CPU.ActiveCfg = Release|Any CPU
		{D8ECFB86-0725-43C7-8E86-7A6E10688E3D}.Release|Any CPU.Build.0 = Release|Any CPU
		{D34FFA53-0409-408B-83E0-70BFB36D20E5}.Debug|Any CPU.ActiveCfg = Debug|Any CPU
		{D34FFA53-0409-408B-83E0-70BFB36D20E5}.Debug|Any CPU.Build.0 = Debug|Any CPU
		{D34FFA53-0409-408B-83E0-70BFB36D20E5}.Release|Any CPU.ActiveCfg = Release|Any CPU
		{D34FFA53-0409-408B-83E0-70BFB36D20E5}.Release|Any CPU.Build.0 = Release|Any CPU
		{73C7EF8A-0C36-41A0-9943-C9EEB4327DA7}.Debug|Any CPU.ActiveCfg = Debug|Any CPU
		{73C7EF8A-0C36-41A0-9943-C9EEB4327DA7}.Debug|Any CPU.Build.0 = Debug|Any CPU
		{73C7EF8A-0C36-41A0-9943-C9EEB4327DA7}.Release|Any CPU.ActiveCfg = Release|Any CPU
		{73C7EF8A-0C36-41A0-9943-C9EEB4327DA7}.Release|Any CPU.Build.0 = Release|Any CPU
	EndGlobalSection
	GlobalSection(SolutionProperties) = preSolution
		HideSolutionNode = FALSE
	EndGlobalSection
	GlobalSection(NestedProjects) = preSolution
		{8D0F9ADD-9CE4-4908-B0F0-EC319C1CE511} = {42133921-0461-415C-A1AE-6FB5C3F42C6E}
		{EADD9888-C335-417D-A69F-E0411DFD0366} = {8D0F9ADD-9CE4-4908-B0F0-EC319C1CE511}
		{6A4511F1-0B47-4F28-8F76-A2BD28090F6F} = {EADD9888-C335-417D-A69F-E0411DFD0366}
		{37A691E8-2D7E-4A64-AE28-E1D6E5527611} = {EADD9888-C335-417D-A69F-E0411DFD0366}
		{B0EC4642-067E-42AD-97DC-BEB81DBE29B8} = {EADD9888-C335-417D-A69F-E0411DFD0366}
		{C409E608-DF08-48E2-93C0-DC62D437332F} = {EADD9888-C335-417D-A69F-E0411DFD0366}
		{FC3A1972-EF99-41E2-983A-2FA077DD3813} = {EADD9888-C335-417D-A69F-E0411DFD0366}
		{45CE0E5D-FC3F-4F03-955C-958039B4E747} = {8D0F9ADD-9CE4-4908-B0F0-EC319C1CE511}
		{06238751-EB50-40B2-AD99-74EFDEE38505} = {45CE0E5D-FC3F-4F03-955C-958039B4E747}
		{05AA01A4-5F76-4CDE-84CC-C56A7B97146C} = {45CE0E5D-FC3F-4F03-955C-958039B4E747}
		{CFD4DFB9-5489-430F-A22A-D7CB6A814AE2} = {45CE0E5D-FC3F-4F03-955C-958039B4E747}
		{247AD0F9-B5CB-4BFD-BDAB-96EE45886091} = {45CE0E5D-FC3F-4F03-955C-958039B4E747}
		{7585665A-98C2-44BC-AE9C-B8E9F6656549} = {45CE0E5D-FC3F-4F03-955C-958039B4E747}
		{5C68B001-18B1-4022-9BF5-688D9C67F409} = {45CE0E5D-FC3F-4F03-955C-958039B4E747}
		{EFA1AE2F-7B83-4ABA-B511-A8F555FD10ED} = {45CE0E5D-FC3F-4F03-955C-958039B4E747}
		{D8ECFB86-0725-43C7-8E86-7A6E10688E3D} = {EFA1AE2F-7B83-4ABA-B511-A8F555FD10ED}
		{D34FFA53-0409-408B-83E0-70BFB36D20E5} = {EADD9888-C335-417D-A69F-E0411DFD0366}
		{73C7EF8A-0C36-41A0-9943-C9EEB4327DA7} = {BD4A4598-6F77-4ABD-ABD6-CFEE3A1ABD26}
	EndGlobalSection
	GlobalSection(ExtensibilityGlobals) = postSolution
		SolutionGuid = {312877EA-0D2B-48CF-93EB-7815B70C332F}
	EndGlobalSection
EndGlobal
